// !$*UTF8*$!
{
	archiveVersion = 1;
	classes = {
	};
	objectVersion = 56;
	objects = {

/* Begin PBXBuildFile section */
		D824A0402C9A326E00452EC7 /* TitleView.swift in Sources */ = {isa = PBXBuildFile; fileRef = D824A03F2C9A326E00452EC7 /* TitleView.swift */; };
		D824A0422C9A32E200452EC7 /* ImageView.swift in Sources */ = {isa = PBXBuildFile; fileRef = D824A0412C9A32E200452EC7 /* ImageView.swift */; };
		D824A0442C9A346D00452EC7 /* DurationServingsView.swift in Sources */ = {isa = PBXBuildFile; fileRef = D824A0432C9A346D00452EC7 /* DurationServingsView.swift */; };
		D824A0462C9A3A9B00452EC7 /* ServingsView.swift in Sources */ = {isa = PBXBuildFile; fileRef = D824A0452C9A3A9B00452EC7 /* ServingsView.swift */; };
		D824A0482C9A3BB800452EC7 /* SummaryView.swift in Sources */ = {isa = PBXBuildFile; fileRef = D824A0472C9A3BB800452EC7 /* SummaryView.swift */; };
		D824A04A2C9A3C0C00452EC7 /* IngredientsView.swift in Sources */ = {isa = PBXBuildFile; fileRef = D824A0492C9A3C0C00452EC7 /* IngredientsView.swift */; };
		D824A04C2C9A3C9A00452EC7 /* EquipmentView.swift in Sources */ = {isa = PBXBuildFile; fileRef = D824A04B2C9A3C9A00452EC7 /* EquipmentView.swift */; };
		D824A04E2C9A3CD700452EC7 /* InstructionsView.swift in Sources */ = {isa = PBXBuildFile; fileRef = D824A04D2C9A3CD700452EC7 /* InstructionsView.swift */; };
		D824A0512C9A4BA000452EC7 /* TitleSummaryView.swift in Sources */ = {isa = PBXBuildFile; fileRef = D824A0502C9A4BA000452EC7 /* TitleSummaryView.swift */; };
		D824A0552C9A8F9D00452EC7 /* ServingsPickerView.swift in Sources */ = {isa = PBXBuildFile; fileRef = D824A0542C9A8F9D00452EC7 /* ServingsPickerView.swift */; };
		D824A0572C9A910F00452EC7 /* PrepTimePickerView.swift in Sources */ = {isa = PBXBuildFile; fileRef = D824A0562C9A910F00452EC7 /* PrepTimePickerView.swift */; };
		D824A0592C9A92D600452EC7 /* CookTimePickerView.swift in Sources */ = {isa = PBXBuildFile; fileRef = D824A0582C9A92D600452EC7 /* CookTimePickerView.swift */; };
		D824A05B2C9A934500452EC7 /* IngredientsListView.swift in Sources */ = {isa = PBXBuildFile; fileRef = D824A05A2C9A934400452EC7 /* IngredientsListView.swift */; };
		D824A05D2C9A93D100452EC7 /* EquipmentListView.swift in Sources */ = {isa = PBXBuildFile; fileRef = D824A05C2C9A93D100452EC7 /* EquipmentListView.swift */; };
		D824A05F2C9A948900452EC7 /* InstructionsListView.swift in Sources */ = {isa = PBXBuildFile; fileRef = D824A05E2C9A948900452EC7 /* InstructionsListView.swift */; };
		D82FA4732BBBCA9D00077128 /* ChefsKissApp.swift in Sources */ = {isa = PBXBuildFile; fileRef = D82FA4722BBBCA9D00077128 /* ChefsKissApp.swift */; };
		D82FA4772BBBCA9E00077128 /* Assets.xcassets in Resources */ = {isa = PBXBuildFile; fileRef = D82FA4762BBBCA9E00077128 /* Assets.xcassets */; };
		D82FA47A2BBBCA9E00077128 /* Preview Assets.xcassets in Resources */ = {isa = PBXBuildFile; fileRef = D82FA4792BBBCA9E00077128 /* Preview Assets.xcassets */; };
		D82FA4812BBBCAE300077128 /* TabBarView.swift in Sources */ = {isa = PBXBuildFile; fileRef = D82FA4802BBBCAE300077128 /* TabBarView.swift */; };
		D82FA4882BBBCBBE00077128 /* APIManager.swift in Sources */ = {isa = PBXBuildFile; fileRef = D82FA4872BBBCBBE00077128 /* APIManager.swift */; };
		D82FA48A2BBBCBD900077128 /* APIRecipe.swift in Sources */ = {isa = PBXBuildFile; fileRef = D82FA4892BBBCBD900077128 /* APIRecipe.swift */; };
		D82FA48C2BBBCBE300077128 /* Categories.swift in Sources */ = {isa = PBXBuildFile; fileRef = D82FA48B2BBBCBE300077128 /* Categories.swift */; };
		D82FA48E2BBBCBE900077128 /* Recipe.swift in Sources */ = {isa = PBXBuildFile; fileRef = D82FA48D2BBBCBE900077128 /* Recipe.swift */; };
		D82FA4922BBBCC0700077128 /* CategoriesViewModel.swift in Sources */ = {isa = PBXBuildFile; fileRef = D82FA48F2BBBCC0700077128 /* CategoriesViewModel.swift */; };
		D82FA4932BBBCC0700077128 /* CategoryViewModel.swift in Sources */ = {isa = PBXBuildFile; fileRef = D82FA4902BBBCC0700077128 /* CategoryViewModel.swift */; };
		D82FA49B2BBBCC2600077128 /* MyRecipeListView.swift in Sources */ = {isa = PBXBuildFile; fileRef = D82FA4982BBBCC2600077128 /* MyRecipeListView.swift */; };
		D82FA4A52BBBCC2C00077128 /* CategoryGridView.swift in Sources */ = {isa = PBXBuildFile; fileRef = D82FA49C2BBBCC2C00077128 /* CategoryGridView.swift */; };
		D82FA4A62BBBCC2C00077128 /* CategoryView.swift in Sources */ = {isa = PBXBuildFile; fileRef = D82FA49D2BBBCC2C00077128 /* CategoryView.swift */; };
		D82FA4A72BBBCC2C00077128 /* RecipesGridView.swift in Sources */ = {isa = PBXBuildFile; fileRef = D82FA49E2BBBCC2C00077128 /* RecipesGridView.swift */; };
		D82FA4A82BBBCC2C00077128 /* RecipesView.swift in Sources */ = {isa = PBXBuildFile; fileRef = D82FA49F2BBBCC2C00077128 /* RecipesView.swift */; };
		D82FA4A92BBBCC2C00077128 /* APIRecipeDetailView.swift in Sources */ = {isa = PBXBuildFile; fileRef = D82FA4A02BBBCC2C00077128 /* APIRecipeDetailView.swift */; };
		D82FA4AA2BBBCC2C00077128 /* SearchGridView.swift in Sources */ = {isa = PBXBuildFile; fileRef = D82FA4A12BBBCC2C00077128 /* SearchGridView.swift */; };
		D82FA4AC2BBBCC2C00077128 /* SearchBarView.swift in Sources */ = {isa = PBXBuildFile; fileRef = D82FA4A32BBBCC2C00077128 /* SearchBarView.swift */; };
		D82FA4AE2BBBCC3500077128 /* UIApplication.swift in Sources */ = {isa = PBXBuildFile; fileRef = D82FA4AD2BBBCC3500077128 /* UIApplication.swift */; };
		D82FA4B22BBC6AEA00077128 /* RecipeRowView.swift in Sources */ = {isa = PBXBuildFile; fileRef = D82FA4B12BBC6AEA00077128 /* RecipeRowView.swift */; };
		D82FA4B62BBDCB1B00077128 /* RecipeDetailView.swift in Sources */ = {isa = PBXBuildFile; fileRef = D82FA4B52BBDCB1B00077128 /* RecipeDetailView.swift */; };
		D8454CF72BF5CA5200F449A8 /* RecipePreview.swift in Sources */ = {isa = PBXBuildFile; fileRef = D8454CF62BF5CA5200F449A8 /* RecipePreview.swift */; };
		D8454CF92BF5CAD700F449A8 /* APIRecipePreview.swift in Sources */ = {isa = PBXBuildFile; fileRef = D8454CF82BF5CAD700F449A8 /* APIRecipePreview.swift */; };
		D8454CFD2BFD0A6000F449A8 /* APIRecipeDetailViewModel.swift in Sources */ = {isa = PBXBuildFile; fileRef = D8454CFC2BFD0A6000F449A8 /* APIRecipeDetailViewModel.swift */; };
		D8454D022BFD2BD300F449A8 /* APIRecipeModelContext.swift in Sources */ = {isa = PBXBuildFile; fileRef = D8454D012BFD2BD300F449A8 /* APIRecipeModelContext.swift */; };
		D8454D062BFD394000F449A8 /* SavedRecipesViewModel.swift in Sources */ = {isa = PBXBuildFile; fileRef = D8454D052BFD394000F449A8 /* SavedRecipesViewModel.swift */; };
		D87385892CB8647D00873264 /* ExpandButtonView.swift in Sources */ = {isa = PBXBuildFile; fileRef = D87385882CB8647D00873264 /* ExpandButtonView.swift */; };
		D873858B2CB8917F00873264 /* XButtonView.swift in Sources */ = {isa = PBXBuildFile; fileRef = D873858A2CB8917F00873264 /* XButtonView.swift */; };
		D873858F2CB89C0A00873264 /* CameraButtonView.swift in Sources */ = {isa = PBXBuildFile; fileRef = D873858E2CB89C0A00873264 /* CameraButtonView.swift */; };
		D87385972CBA2B8000873264 /* KeyboardAvoidance.swift in Sources */ = {isa = PBXBuildFile; fileRef = D87385962CBA2B8000873264 /* KeyboardAvoidance.swift */; };
		D87AC2032BE5787C0079569C /* KissAnimation.swift in Sources */ = {isa = PBXBuildFile; fileRef = D87AC2022BE5787C0079569C /* KissAnimation.swift */; };
		D88158C92CC4990A0078E115 /* AddEquipmentView.swift in Sources */ = {isa = PBXBuildFile; fileRef = D88158C82CC4990A0078E115 /* AddEquipmentView.swift */; };
		D88158CC2CC49C9F0078E115 /* AddIngredientView.swift in Sources */ = {isa = PBXBuildFile; fileRef = D88158CB2CC49C9F0078E115 /* AddIngredientView.swift */; };
		D88158CE2CC49E880078E115 /* AddInstructionView.swift in Sources */ = {isa = PBXBuildFile; fileRef = D88158CD2CC49E880078E115 /* AddInstructionView.swift */; };
		D88158D02CC4A2FB0078E115 /* PlusButtonView.swift in Sources */ = {isa = PBXBuildFile; fileRef = D88158CF2CC4A2FB0078E115 /* PlusButtonView.swift */; };
		D88158D22CC4A9680078E115 /* SheetButtonLabelView.swift in Sources */ = {isa = PBXBuildFile; fileRef = D88158D12CC4A9680078E115 /* SheetButtonLabelView.swift */; };
		D88158D42CC88F7B0078E115 /* PrepTimeView.swift in Sources */ = {isa = PBXBuildFile; fileRef = D88158D32CC88F7B0078E115 /* PrepTimeView.swift */; };
		D88158D62CC88F870078E115 /* CookTimeView.swift in Sources */ = {isa = PBXBuildFile; fileRef = D88158D52CC88F870078E115 /* CookTimeView.swift */; };
		D894FF9A2CAF53B300E78F8F /* CacheManager.swift in Sources */ = {isa = PBXBuildFile; fileRef = D894FF992CAF53B300E78F8F /* CacheManager.swift */; };
		D897A0D82C9A2F0B00BC3A5A /* RecipeDetailViewModel.swift in Sources */ = {isa = PBXBuildFile; fileRef = D897A0D72C9A2F0B00BC3A5A /* RecipeDetailViewModel.swift */; };
		D899C6E42C93CA1000FFEA7B /* IconView.swift in Sources */ = {isa = PBXBuildFile; fileRef = D899C6E32C93CA1000FFEA7B /* IconView.swift */; };
		D8BDBA632C98D8E400AC5E52 /* APIIngredientsView.swift in Sources */ = {isa = PBXBuildFile; fileRef = D8BDBA622C98D8E400AC5E52 /* APIIngredientsView.swift */; };
		D8BDBA652C98DCA500AC5E52 /* APIEquipmentView.swift in Sources */ = {isa = PBXBuildFile; fileRef = D8BDBA642C98DCA500AC5E52 /* APIEquipmentView.swift */; };
		D8BDBA672C98DDCF00AC5E52 /* APIImageView.swift in Sources */ = {isa = PBXBuildFile; fileRef = D8BDBA662C98DDCF00AC5E52 /* APIImageView.swift */; };
		D8BDBA692C98DEEF00AC5E52 /* APIServingsDurationView.swift in Sources */ = {isa = PBXBuildFile; fileRef = D8BDBA682C98DEEF00AC5E52 /* APIServingsDurationView.swift */; };
		D8BDBA6B2C98E01500AC5E52 /* APISummaryView.swift in Sources */ = {isa = PBXBuildFile; fileRef = D8BDBA6A2C98E01500AC5E52 /* APISummaryView.swift */; };
		D8BDBA6D2C98E0D900AC5E52 /* APITitleView.swift in Sources */ = {isa = PBXBuildFile; fileRef = D8BDBA6C2C98E0D900AC5E52 /* APITitleView.swift */; };
		D8BDBA6F2C98E14900AC5E52 /* APIInstructionsView.swift in Sources */ = {isa = PBXBuildFile; fileRef = D8BDBA6E2C98E14900AC5E52 /* APIInstructionsView.swift */; };
		D8BDBA712C98E37700AC5E52 /* LinkButtonView.swift in Sources */ = {isa = PBXBuildFile; fileRef = D8BDBA702C98E37700AC5E52 /* LinkButtonView.swift */; };
		D8BDBA732C98E69800AC5E52 /* HeartButtonView.swift in Sources */ = {isa = PBXBuildFile; fileRef = D8BDBA722C98E69700AC5E52 /* HeartButtonView.swift */; };
		D8C4A92C2C2CD2E40097BAA8 /* AddEditRecipeView.swift in Sources */ = {isa = PBXBuildFile; fileRef = D8C4A92B2C2CD2E40097BAA8 /* AddEditRecipeView.swift */; };
		D8C4A92E2C2CE7DB0097BAA8 /* ImagePickerView.swift in Sources */ = {isa = PBXBuildFile; fileRef = D8C4A92D2C2CE7DB0097BAA8 /* ImagePickerView.swift */; };
		D8D061A42BC3A3BF00B23350 /* SavedRecipesView.swift in Sources */ = {isa = PBXBuildFile; fileRef = D8D061A32BC3A3BF00B23350 /* SavedRecipesView.swift */; };
		D8D061A62BC4604F00B23350 /* String.swift in Sources */ = {isa = PBXBuildFile; fileRef = D8D061A52BC4604F00B23350 /* String.swift */; };
		D8D061A82BC5AE6C00B23350 /* AddEditRecipeViewModel.swift in Sources */ = {isa = PBXBuildFile; fileRef = D8D061A72BC5AE6C00B23350 /* AddEditRecipeViewModel.swift */; };
		D8D674792CB61F6900FD9FE3 /* BackButtonView.swift in Sources */ = {isa = PBXBuildFile; fileRef = D8D674782CB61F6900FD9FE3 /* BackButtonView.swift */; };
		D8D6747D2CB6372800FD9FE3 /* EditButtonView.swift in Sources */ = {isa = PBXBuildFile; fileRef = D8D6747C2CB6372800FD9FE3 /* EditButtonView.swift */; };
		D8D6747F2CB6F12F00FD9FE3 /* LineDividerView.swift in Sources */ = {isa = PBXBuildFile; fileRef = D8D6747E2CB6F12F00FD9FE3 /* LineDividerView.swift */; };
		D8D674812CB6F1E500FD9FE3 /* RoundedRectangleView.swift in Sources */ = {isa = PBXBuildFile; fileRef = D8D674802CB6F1E500FD9FE3 /* RoundedRectangleView.swift */; };
		D8D674862CB8572000FD9FE3 /* Modifier.swift in Sources */ = {isa = PBXBuildFile; fileRef = D8D674852CB8572000FD9FE3 /* Modifier.swift */; };
		D8D77F642C9BDB6B0017A85B /* EditEquipmentSheetView.swift in Sources */ = {isa = PBXBuildFile; fileRef = D8D77F632C9BDB6B0017A85B /* EditEquipmentSheetView.swift */; };
		D8D77F662C9CE1700017A85B /* EditInstructionSheetView.swift in Sources */ = {isa = PBXBuildFile; fileRef = D8D77F652C9CE1700017A85B /* EditInstructionSheetView.swift */; };
		D8D77F682C9CE5150017A85B /* EditIngredientSheetView.swift in Sources */ = {isa = PBXBuildFile; fileRef = D8D77F672C9CE5150017A85B /* EditIngredientSheetView.swift */; };
/* End PBXBuildFile section */

/* Begin PBXFileReference section */
		D824A03F2C9A326E00452EC7 /* TitleView.swift */ = {isa = PBXFileReference; lastKnownFileType = sourcecode.swift; path = TitleView.swift; sourceTree = "<group>"; };
		D824A0412C9A32E200452EC7 /* ImageView.swift */ = {isa = PBXFileReference; lastKnownFileType = sourcecode.swift; path = ImageView.swift; sourceTree = "<group>"; };
		D824A0432C9A346D00452EC7 /* DurationServingsView.swift */ = {isa = PBXFileReference; lastKnownFileType = sourcecode.swift; path = DurationServingsView.swift; sourceTree = "<group>"; };
		D824A0452C9A3A9B00452EC7 /* ServingsView.swift */ = {isa = PBXFileReference; lastKnownFileType = sourcecode.swift; path = ServingsView.swift; sourceTree = "<group>"; };
		D824A0472C9A3BB800452EC7 /* SummaryView.swift */ = {isa = PBXFileReference; lastKnownFileType = sourcecode.swift; path = SummaryView.swift; sourceTree = "<group>"; };
		D824A0492C9A3C0C00452EC7 /* IngredientsView.swift */ = {isa = PBXFileReference; lastKnownFileType = sourcecode.swift; path = IngredientsView.swift; sourceTree = "<group>"; };
		D824A04B2C9A3C9A00452EC7 /* EquipmentView.swift */ = {isa = PBXFileReference; lastKnownFileType = sourcecode.swift; path = EquipmentView.swift; sourceTree = "<group>"; };
		D824A04D2C9A3CD700452EC7 /* InstructionsView.swift */ = {isa = PBXFileReference; lastKnownFileType = sourcecode.swift; path = InstructionsView.swift; sourceTree = "<group>"; };
		D824A0502C9A4BA000452EC7 /* TitleSummaryView.swift */ = {isa = PBXFileReference; lastKnownFileType = sourcecode.swift; path = TitleSummaryView.swift; sourceTree = "<group>"; };
		D824A0542C9A8F9D00452EC7 /* ServingsPickerView.swift */ = {isa = PBXFileReference; lastKnownFileType = sourcecode.swift; path = ServingsPickerView.swift; sourceTree = "<group>"; };
		D824A0562C9A910F00452EC7 /* PrepTimePickerView.swift */ = {isa = PBXFileReference; lastKnownFileType = sourcecode.swift; path = PrepTimePickerView.swift; sourceTree = "<group>"; };
		D824A0582C9A92D600452EC7 /* CookTimePickerView.swift */ = {isa = PBXFileReference; lastKnownFileType = sourcecode.swift; path = CookTimePickerView.swift; sourceTree = "<group>"; };
		D824A05A2C9A934400452EC7 /* IngredientsListView.swift */ = {isa = PBXFileReference; lastKnownFileType = sourcecode.swift; path = IngredientsListView.swift; sourceTree = "<group>"; };
		D824A05C2C9A93D100452EC7 /* EquipmentListView.swift */ = {isa = PBXFileReference; lastKnownFileType = sourcecode.swift; path = EquipmentListView.swift; sourceTree = "<group>"; };
		D824A05E2C9A948900452EC7 /* InstructionsListView.swift */ = {isa = PBXFileReference; lastKnownFileType = sourcecode.swift; path = InstructionsListView.swift; sourceTree = "<group>"; };
		D82FA46F2BBBCA9D00077128 /* ChefsKiss.app */ = {isa = PBXFileReference; explicitFileType = wrapper.application; includeInIndex = 0; path = ChefsKiss.app; sourceTree = BUILT_PRODUCTS_DIR; };
		D82FA4722BBBCA9D00077128 /* ChefsKissApp.swift */ = {isa = PBXFileReference; lastKnownFileType = sourcecode.swift; path = ChefsKissApp.swift; sourceTree = "<group>"; };
		D82FA4762BBBCA9E00077128 /* Assets.xcassets */ = {isa = PBXFileReference; lastKnownFileType = folder.assetcatalog; path = Assets.xcassets; sourceTree = "<group>"; };
		D82FA4792BBBCA9E00077128 /* Preview Assets.xcassets */ = {isa = PBXFileReference; lastKnownFileType = folder.assetcatalog; path = "Preview Assets.xcassets"; sourceTree = "<group>"; };
		D82FA4802BBBCAE300077128 /* TabBarView.swift */ = {isa = PBXFileReference; lastKnownFileType = sourcecode.swift; path = TabBarView.swift; sourceTree = "<group>"; };
		D82FA4872BBBCBBE00077128 /* APIManager.swift */ = {isa = PBXFileReference; fileEncoding = 4; lastKnownFileType = sourcecode.swift; path = APIManager.swift; sourceTree = "<group>"; };
		D82FA4892BBBCBD900077128 /* APIRecipe.swift */ = {isa = PBXFileReference; fileEncoding = 4; lastKnownFileType = sourcecode.swift; path = APIRecipe.swift; sourceTree = "<group>"; };
		D82FA48B2BBBCBE300077128 /* Categories.swift */ = {isa = PBXFileReference; fileEncoding = 4; lastKnownFileType = sourcecode.swift; path = Categories.swift; sourceTree = "<group>"; };
		D82FA48D2BBBCBE900077128 /* Recipe.swift */ = {isa = PBXFileReference; fileEncoding = 4; lastKnownFileType = sourcecode.swift; path = Recipe.swift; sourceTree = "<group>"; };
		D82FA48F2BBBCC0700077128 /* CategoriesViewModel.swift */ = {isa = PBXFileReference; fileEncoding = 4; lastKnownFileType = sourcecode.swift; path = CategoriesViewModel.swift; sourceTree = "<group>"; };
		D82FA4902BBBCC0700077128 /* CategoryViewModel.swift */ = {isa = PBXFileReference; fileEncoding = 4; lastKnownFileType = sourcecode.swift; path = CategoryViewModel.swift; sourceTree = "<group>"; };
		D82FA4982BBBCC2600077128 /* MyRecipeListView.swift */ = {isa = PBXFileReference; fileEncoding = 4; lastKnownFileType = sourcecode.swift; path = MyRecipeListView.swift; sourceTree = "<group>"; };
		D82FA49C2BBBCC2C00077128 /* CategoryGridView.swift */ = {isa = PBXFileReference; fileEncoding = 4; lastKnownFileType = sourcecode.swift; path = CategoryGridView.swift; sourceTree = "<group>"; };
		D82FA49D2BBBCC2C00077128 /* CategoryView.swift */ = {isa = PBXFileReference; fileEncoding = 4; lastKnownFileType = sourcecode.swift; path = CategoryView.swift; sourceTree = "<group>"; };
		D82FA49E2BBBCC2C00077128 /* RecipesGridView.swift */ = {isa = PBXFileReference; fileEncoding = 4; lastKnownFileType = sourcecode.swift; path = RecipesGridView.swift; sourceTree = "<group>"; };
		D82FA49F2BBBCC2C00077128 /* RecipesView.swift */ = {isa = PBXFileReference; fileEncoding = 4; lastKnownFileType = sourcecode.swift; path = RecipesView.swift; sourceTree = "<group>"; };
		D82FA4A02BBBCC2C00077128 /* APIRecipeDetailView.swift */ = {isa = PBXFileReference; fileEncoding = 4; lastKnownFileType = sourcecode.swift; path = APIRecipeDetailView.swift; sourceTree = "<group>"; };
		D82FA4A12BBBCC2C00077128 /* SearchGridView.swift */ = {isa = PBXFileReference; fileEncoding = 4; lastKnownFileType = sourcecode.swift; path = SearchGridView.swift; sourceTree = "<group>"; };
		D82FA4A32BBBCC2C00077128 /* SearchBarView.swift */ = {isa = PBXFileReference; fileEncoding = 4; lastKnownFileType = sourcecode.swift; path = SearchBarView.swift; sourceTree = "<group>"; };
		D82FA4AD2BBBCC3500077128 /* UIApplication.swift */ = {isa = PBXFileReference; fileEncoding = 4; lastKnownFileType = sourcecode.swift; path = UIApplication.swift; sourceTree = "<group>"; };
		D82FA4B12BBC6AEA00077128 /* RecipeRowView.swift */ = {isa = PBXFileReference; lastKnownFileType = sourcecode.swift; path = RecipeRowView.swift; sourceTree = "<group>"; };
		D82FA4B52BBDCB1B00077128 /* RecipeDetailView.swift */ = {isa = PBXFileReference; lastKnownFileType = sourcecode.swift; path = RecipeDetailView.swift; sourceTree = "<group>"; };
		D8454CF62BF5CA5200F449A8 /* RecipePreview.swift */ = {isa = PBXFileReference; lastKnownFileType = sourcecode.swift; path = RecipePreview.swift; sourceTree = "<group>"; };
		D8454CF82BF5CAD700F449A8 /* APIRecipePreview.swift */ = {isa = PBXFileReference; lastKnownFileType = sourcecode.swift; path = APIRecipePreview.swift; sourceTree = "<group>"; };
		D8454CFC2BFD0A6000F449A8 /* APIRecipeDetailViewModel.swift */ = {isa = PBXFileReference; lastKnownFileType = sourcecode.swift; path = APIRecipeDetailViewModel.swift; sourceTree = "<group>"; };
		D8454D012BFD2BD300F449A8 /* APIRecipeModelContext.swift */ = {isa = PBXFileReference; lastKnownFileType = sourcecode.swift; path = APIRecipeModelContext.swift; sourceTree = "<group>"; };
		D8454D052BFD394000F449A8 /* SavedRecipesViewModel.swift */ = {isa = PBXFileReference; lastKnownFileType = sourcecode.swift; path = SavedRecipesViewModel.swift; sourceTree = "<group>"; };
		D87385882CB8647D00873264 /* ExpandButtonView.swift */ = {isa = PBXFileReference; lastKnownFileType = sourcecode.swift; path = ExpandButtonView.swift; sourceTree = "<group>"; };
		D873858A2CB8917F00873264 /* XButtonView.swift */ = {isa = PBXFileReference; lastKnownFileType = sourcecode.swift; path = XButtonView.swift; sourceTree = "<group>"; };
		D873858E2CB89C0A00873264 /* CameraButtonView.swift */ = {isa = PBXFileReference; lastKnownFileType = sourcecode.swift; path = CameraButtonView.swift; sourceTree = "<group>"; };
		D87385962CBA2B8000873264 /* KeyboardAvoidance.swift */ = {isa = PBXFileReference; lastKnownFileType = sourcecode.swift; path = KeyboardAvoidance.swift; sourceTree = "<group>"; };
		D87AC2022BE5787C0079569C /* KissAnimation.swift */ = {isa = PBXFileReference; lastKnownFileType = sourcecode.swift; path = KissAnimation.swift; sourceTree = "<group>"; };
		D87AC2042BE86C7C0079569C /* Info.plist */ = {isa = PBXFileReference; lastKnownFileType = text.plist; path = Info.plist; sourceTree = "<group>"; };
		D88158C82CC4990A0078E115 /* AddEquipmentView.swift */ = {isa = PBXFileReference; lastKnownFileType = sourcecode.swift; path = AddEquipmentView.swift; sourceTree = "<group>"; };
		D88158CB2CC49C9F0078E115 /* AddIngredientView.swift */ = {isa = PBXFileReference; lastKnownFileType = sourcecode.swift; path = AddIngredientView.swift; sourceTree = "<group>"; };
		D88158CD2CC49E880078E115 /* AddInstructionView.swift */ = {isa = PBXFileReference; lastKnownFileType = sourcecode.swift; path = AddInstructionView.swift; sourceTree = "<group>"; };
		D88158CF2CC4A2FB0078E115 /* PlusButtonView.swift */ = {isa = PBXFileReference; lastKnownFileType = sourcecode.swift; path = PlusButtonView.swift; sourceTree = "<group>"; };
		D88158D12CC4A9680078E115 /* SheetButtonLabelView.swift */ = {isa = PBXFileReference; lastKnownFileType = sourcecode.swift; path = SheetButtonLabelView.swift; sourceTree = "<group>"; };
		D88158D32CC88F7B0078E115 /* PrepTimeView.swift */ = {isa = PBXFileReference; lastKnownFileType = sourcecode.swift; path = PrepTimeView.swift; sourceTree = "<group>"; };
		D88158D52CC88F870078E115 /* CookTimeView.swift */ = {isa = PBXFileReference; lastKnownFileType = sourcecode.swift; path = CookTimeView.swift; sourceTree = "<group>"; };
		D894FF992CAF53B300E78F8F /* CacheManager.swift */ = {isa = PBXFileReference; lastKnownFileType = sourcecode.swift; path = CacheManager.swift; sourceTree = "<group>"; };
		D897A0D72C9A2F0B00BC3A5A /* RecipeDetailViewModel.swift */ = {isa = PBXFileReference; lastKnownFileType = sourcecode.swift; path = RecipeDetailViewModel.swift; sourceTree = "<group>"; };
		D899C6E32C93CA1000FFEA7B /* IconView.swift */ = {isa = PBXFileReference; lastKnownFileType = sourcecode.swift; path = IconView.swift; sourceTree = "<group>"; };
		D8BDBA622C98D8E400AC5E52 /* APIIngredientsView.swift */ = {isa = PBXFileReference; lastKnownFileType = sourcecode.swift; path = APIIngredientsView.swift; sourceTree = "<group>"; };
		D8BDBA642C98DCA500AC5E52 /* APIEquipmentView.swift */ = {isa = PBXFileReference; lastKnownFileType = sourcecode.swift; path = APIEquipmentView.swift; sourceTree = "<group>"; };
		D8BDBA662C98DDCF00AC5E52 /* APIImageView.swift */ = {isa = PBXFileReference; lastKnownFileType = sourcecode.swift; path = APIImageView.swift; sourceTree = "<group>"; };
		D8BDBA682C98DEEF00AC5E52 /* APIServingsDurationView.swift */ = {isa = PBXFileReference; lastKnownFileType = sourcecode.swift; path = APIServingsDurationView.swift; sourceTree = "<group>"; };
		D8BDBA6A2C98E01500AC5E52 /* APISummaryView.swift */ = {isa = PBXFileReference; lastKnownFileType = sourcecode.swift; path = APISummaryView.swift; sourceTree = "<group>"; };
		D8BDBA6C2C98E0D900AC5E52 /* APITitleView.swift */ = {isa = PBXFileReference; lastKnownFileType = sourcecode.swift; path = APITitleView.swift; sourceTree = "<group>"; };
		D8BDBA6E2C98E14900AC5E52 /* APIInstructionsView.swift */ = {isa = PBXFileReference; lastKnownFileType = sourcecode.swift; path = APIInstructionsView.swift; sourceTree = "<group>"; };
		D8BDBA702C98E37700AC5E52 /* LinkButtonView.swift */ = {isa = PBXFileReference; lastKnownFileType = sourcecode.swift; path = LinkButtonView.swift; sourceTree = "<group>"; };
		D8BDBA722C98E69700AC5E52 /* HeartButtonView.swift */ = {isa = PBXFileReference; lastKnownFileType = sourcecode.swift; path = HeartButtonView.swift; sourceTree = "<group>"; };
		D8C4A92B2C2CD2E40097BAA8 /* AddEditRecipeView.swift */ = {isa = PBXFileReference; lastKnownFileType = sourcecode.swift; path = AddEditRecipeView.swift; sourceTree = "<group>"; };
		D8C4A92D2C2CE7DB0097BAA8 /* ImagePickerView.swift */ = {isa = PBXFileReference; lastKnownFileType = sourcecode.swift; path = ImagePickerView.swift; sourceTree = "<group>"; };
		D8D061A32BC3A3BF00B23350 /* SavedRecipesView.swift */ = {isa = PBXFileReference; lastKnownFileType = sourcecode.swift; path = SavedRecipesView.swift; sourceTree = "<group>"; };
		D8D061A52BC4604F00B23350 /* String.swift */ = {isa = PBXFileReference; lastKnownFileType = sourcecode.swift; path = String.swift; sourceTree = "<group>"; };
		D8D061A72BC5AE6C00B23350 /* AddEditRecipeViewModel.swift */ = {isa = PBXFileReference; lastKnownFileType = sourcecode.swift; path = AddEditRecipeViewModel.swift; sourceTree = "<group>"; };
		D8D674782CB61F6900FD9FE3 /* BackButtonView.swift */ = {isa = PBXFileReference; lastKnownFileType = sourcecode.swift; path = BackButtonView.swift; sourceTree = "<group>"; };
		D8D6747C2CB6372800FD9FE3 /* EditButtonView.swift */ = {isa = PBXFileReference; lastKnownFileType = sourcecode.swift; path = EditButtonView.swift; sourceTree = "<group>"; };
		D8D6747E2CB6F12F00FD9FE3 /* LineDividerView.swift */ = {isa = PBXFileReference; lastKnownFileType = sourcecode.swift; path = LineDividerView.swift; sourceTree = "<group>"; };
		D8D674802CB6F1E500FD9FE3 /* RoundedRectangleView.swift */ = {isa = PBXFileReference; lastKnownFileType = sourcecode.swift; path = RoundedRectangleView.swift; sourceTree = "<group>"; };
		D8D674852CB8572000FD9FE3 /* Modifier.swift */ = {isa = PBXFileReference; lastKnownFileType = sourcecode.swift; path = Modifier.swift; sourceTree = "<group>"; };
		D8D77F632C9BDB6B0017A85B /* EditEquipmentSheetView.swift */ = {isa = PBXFileReference; lastKnownFileType = sourcecode.swift; path = EditEquipmentSheetView.swift; sourceTree = "<group>"; };
		D8D77F652C9CE1700017A85B /* EditInstructionSheetView.swift */ = {isa = PBXFileReference; lastKnownFileType = sourcecode.swift; path = EditInstructionSheetView.swift; sourceTree = "<group>"; };
		D8D77F672C9CE5150017A85B /* EditIngredientSheetView.swift */ = {isa = PBXFileReference; lastKnownFileType = sourcecode.swift; path = EditIngredientSheetView.swift; sourceTree = "<group>"; };
/* End PBXFileReference section */

/* Begin PBXFrameworksBuildPhase section */
		D82FA46C2BBBCA9D00077128 /* Frameworks */ = {
			isa = PBXFrameworksBuildPhase;
			buildActionMask = 2147483647;
			files = (
			);
			runOnlyForDeploymentPostprocessing = 0;
		};
/* End PBXFrameworksBuildPhase section */

/* Begin PBXGroup section */
		D824A04F2C9A414600452EC7 /* AddEditRecipeView */ = {
			isa = PBXGroup;
			children = (
				D8C4A92B2C2CD2E40097BAA8 /* AddEditRecipeView.swift */,
				D824A0582C9A92D600452EC7 /* CookTimePickerView.swift */,
				D824A05C2C9A93D100452EC7 /* EquipmentListView.swift */,
				D8C4A92D2C2CE7DB0097BAA8 /* ImagePickerView.swift */,
				D824A05A2C9A934400452EC7 /* IngredientsListView.swift */,
				D824A05E2C9A948900452EC7 /* InstructionsListView.swift */,
				D824A0562C9A910F00452EC7 /* PrepTimePickerView.swift */,
				D824A0542C9A8F9D00452EC7 /* ServingsPickerView.swift */,
				D824A0502C9A4BA000452EC7 /* TitleSummaryView.swift */,
				D88158CA2CC49AE40078E115 /* SheetView */,
			);
			path = AddEditRecipeView;
			sourceTree = "<group>";
		};
		D824A0602C9A959800452EC7 /* CategoryView */ = {
			isa = PBXGroup;
			children = (
				D82FA49D2BBBCC2C00077128 /* CategoryView.swift */,
				D82FA49F2BBBCC2C00077128 /* RecipesView.swift */,
			);
			path = CategoryView;
			sourceTree = "<group>";
		};
		D824A0612C9A95B800452EC7 /* SavedRecipe */ = {
			isa = PBXGroup;
			children = (
				D8D061A32BC3A3BF00B23350 /* SavedRecipesView.swift */,
			);
			path = SavedRecipe;
			sourceTree = "<group>";
		};
		D82FA4662BBBCA9D00077128 = {
			isa = PBXGroup;
			children = (
				D82FA4712BBBCA9D00077128 /* ChefsKiss */,
				D82FA4702BBBCA9D00077128 /* Products */,
			);
			sourceTree = "<group>";
		};
		D82FA4702BBBCA9D00077128 /* Products */ = {
			isa = PBXGroup;
			children = (
				D82FA46F2BBBCA9D00077128 /* ChefsKiss.app */,
			);
			name = Products;
			sourceTree = "<group>";
		};
		D82FA4712BBBCA9D00077128 /* ChefsKiss */ = {
			isa = PBXGroup;
			children = (
				D87AC2042BE86C7C0079569C /* Info.plist */,
				D82FA4722BBBCA9D00077128 /* ChefsKissApp.swift */,
				D82FA4802BBBCAE300077128 /* TabBarView.swift */,
				D82FA4822BBBCB4400077128 /* Manager */,
				D82FA4832BBBCB4F00077128 /* Model */,
				D82FA4842BBBCB5D00077128 /* ViewModel */,
				D82FA4852BBBCB7300077128 /* View */,
				D8454CFE2BFD167800F449A8 /* Shared */,
				D82FA4862BBBCB8200077128 /* Extension */,
				D82FA4782BBBCA9E00077128 /* Preview Content */,
				D82FA4762BBBCA9E00077128 /* Assets.xcassets */,
				D894FF992CAF53B300E78F8F /* CacheManager.swift */,
			);
			path = ChefsKiss;
			sourceTree = "<group>";
		};
		D82FA4782BBBCA9E00077128 /* Preview Content */ = {
			isa = PBXGroup;
			children = (
				D8454CF82BF5CAD700F449A8 /* APIRecipePreview.swift */,
				D8454CF62BF5CA5200F449A8 /* RecipePreview.swift */,
				D82FA4792BBBCA9E00077128 /* Preview Assets.xcassets */,
			);
			path = "Preview Content";
			sourceTree = "<group>";
		};
		D82FA4822BBBCB4400077128 /* Manager */ = {
			isa = PBXGroup;
			children = (
				D82FA4872BBBCBBE00077128 /* APIManager.swift */,
			);
			path = Manager;
			sourceTree = "<group>";
		};
		D82FA4832BBBCB4F00077128 /* Model */ = {
			isa = PBXGroup;
			children = (
				D82FA4892BBBCBD900077128 /* APIRecipe.swift */,
				D82FA48B2BBBCBE300077128 /* Categories.swift */,
				D82FA48D2BBBCBE900077128 /* Recipe.swift */,
			);
			path = Model;
			sourceTree = "<group>";
		};
		D82FA4842BBBCB5D00077128 /* ViewModel */ = {
			isa = PBXGroup;
			children = (
				D82FA4912BBBCC0700077128 /* APIRecipe */,
				D82FA4952BBBCC1100077128 /* MyRecipe */,
			);
			path = ViewModel;
			sourceTree = "<group>";
		};
		D82FA4852BBBCB7300077128 /* View */ = {
			isa = PBXGroup;
			children = (
				D8D674842CB856EF00FD9FE3 /* CustomView */,
				D82FA4A42BBBCC2C00077128 /* APIRecipe */,
				D82FA4992BBBCC2600077128 /* Recipe */,
			);
			path = View;
			sourceTree = "<group>";
		};
		D82FA4862BBBCB8200077128 /* Extension */ = {
			isa = PBXGroup;
			children = (
				D82FA4AD2BBBCC3500077128 /* UIApplication.swift */,
				D8D061A52BC4604F00B23350 /* String.swift */,
				D87385962CBA2B8000873264 /* KeyboardAvoidance.swift */,
			);
			path = Extension;
			sourceTree = "<group>";
		};
		D82FA4912BBBCC0700077128 /* APIRecipe */ = {
			isa = PBXGroup;
			children = (
				D8454CFC2BFD0A6000F449A8 /* APIRecipeDetailViewModel.swift */,
				D82FA4902BBBCC0700077128 /* CategoryViewModel.swift */,
				D82FA48F2BBBCC0700077128 /* CategoriesViewModel.swift */,
				D8454D052BFD394000F449A8 /* SavedRecipesViewModel.swift */,
			);
			path = APIRecipe;
			sourceTree = "<group>";
		};
		D82FA4952BBBCC1100077128 /* MyRecipe */ = {
			isa = PBXGroup;
			children = (
				D8D061A72BC5AE6C00B23350 /* AddEditRecipeViewModel.swift */,
				D897A0D72C9A2F0B00BC3A5A /* RecipeDetailViewModel.swift */,
			);
			path = MyRecipe;
			sourceTree = "<group>";
		};
		D82FA4992BBBCC2600077128 /* Recipe */ = {
			isa = PBXGroup;
			children = (
				D824A04F2C9A414600452EC7 /* AddEditRecipeView */,
				D897A0D52C9A2E5400BC3A5A /* RecipeDetailView */,
				D897A0D62C9A2E6700BC3A5A /* RecipeList */,
			);
			path = Recipe;
			sourceTree = "<group>";
		};
		D82FA4A42BBBCC2C00077128 /* APIRecipe */ = {
			isa = PBXGroup;
			children = (
				D824A0612C9A95B800452EC7 /* SavedRecipe */,
				D824A0602C9A959800452EC7 /* CategoryView */,
				D8BDBA742C993D3400AC5E52 /* DetailView */,
				D8BDBA752C993D5E00AC5E52 /* GridView */,
			);
			path = APIRecipe;
			sourceTree = "<group>";
		};
		D8454CFE2BFD167800F449A8 /* Shared */ = {
			isa = PBXGroup;
			children = (
				D8454D012BFD2BD300F449A8 /* APIRecipeModelContext.swift */,
			);
			path = Shared;
			sourceTree = "<group>";
		};
		D88158CA2CC49AE40078E115 /* SheetView */ = {
			isa = PBXGroup;
			children = (
				D88158C82CC4990A0078E115 /* AddEquipmentView.swift */,
				D88158CB2CC49C9F0078E115 /* AddIngredientView.swift */,
				D88158CD2CC49E880078E115 /* AddInstructionView.swift */,
				D8D77F632C9BDB6B0017A85B /* EditEquipmentSheetView.swift */,
				D8D77F672C9CE5150017A85B /* EditIngredientSheetView.swift */,
				D8D77F652C9CE1700017A85B /* EditInstructionSheetView.swift */,
			);
			path = SheetView;
			sourceTree = "<group>";
		};
		D897A0D52C9A2E5400BC3A5A /* RecipeDetailView */ = {
			isa = PBXGroup;
			children = (
				D82FA4B52BBDCB1B00077128 /* RecipeDetailView.swift */,
				D88158D52CC88F870078E115 /* CookTimeView.swift */,
				D824A04B2C9A3C9A00452EC7 /* EquipmentView.swift */,
				D824A0412C9A32E200452EC7 /* ImageView.swift */,
				D824A0492C9A3C0C00452EC7 /* IngredientsView.swift */,
				D824A04D2C9A3CD700452EC7 /* InstructionsView.swift */,
				D824A0432C9A346D00452EC7 /* DurationServingsView.swift */,
				D88158D32CC88F7B0078E115 /* PrepTimeView.swift */,
				D824A0452C9A3A9B00452EC7 /* ServingsView.swift */,
				D824A0472C9A3BB800452EC7 /* SummaryView.swift */,
				D824A03F2C9A326E00452EC7 /* TitleView.swift */,
			);
			path = RecipeDetailView;
			sourceTree = "<group>";
		};
		D897A0D62C9A2E6700BC3A5A /* RecipeList */ = {
			isa = PBXGroup;
			children = (
				D82FA4982BBBCC2600077128 /* MyRecipeListView.swift */,
				D82FA4B12BBC6AEA00077128 /* RecipeRowView.swift */,
			);
			path = RecipeList;
			sourceTree = "<group>";
		};
		D8BDBA742C993D3400AC5E52 /* DetailView */ = {
			isa = PBXGroup;
			children = (
				D82FA4A02BBBCC2C00077128 /* APIRecipeDetailView.swift */,
				D8BDBA642C98DCA500AC5E52 /* APIEquipmentView.swift */,
				D8BDBA662C98DDCF00AC5E52 /* APIImageView.swift */,
				D8BDBA622C98D8E400AC5E52 /* APIIngredientsView.swift */,
				D8BDBA6E2C98E14900AC5E52 /* APIInstructionsView.swift */,
				D8BDBA682C98DEEF00AC5E52 /* APIServingsDurationView.swift */,
				D8BDBA6A2C98E01500AC5E52 /* APISummaryView.swift */,
				D8BDBA6C2C98E0D900AC5E52 /* APITitleView.swift */,
			);
			path = DetailView;
			sourceTree = "<group>";
		};
		D8BDBA752C993D5E00AC5E52 /* GridView */ = {
			isa = PBXGroup;
			children = (
				D82FA49C2BBBCC2C00077128 /* CategoryGridView.swift */,
				D82FA49E2BBBCC2C00077128 /* RecipesGridView.swift */,
				D82FA4A12BBBCC2C00077128 /* SearchGridView.swift */,
			);
			path = GridView;
			sourceTree = "<group>";
		};
		D8D674842CB856EF00FD9FE3 /* CustomView */ = {
			isa = PBXGroup;
			children = (
				D8D674782CB61F6900FD9FE3 /* BackButtonView.swift */,
				D873858E2CB89C0A00873264 /* CameraButtonView.swift */,
				D8D6747C2CB6372800FD9FE3 /* EditButtonView.swift */,
				D87385882CB8647D00873264 /* ExpandButtonView.swift */,
				D8BDBA722C98E69700AC5E52 /* HeartButtonView.swift */,
				D899C6E32C93CA1000FFEA7B /* IconView.swift */,
				D87AC2022BE5787C0079569C /* KissAnimation.swift */,
				D8D6747E2CB6F12F00FD9FE3 /* LineDividerView.swift */,
				D8BDBA702C98E37700AC5E52 /* LinkButtonView.swift */,
				D8D674852CB8572000FD9FE3 /* Modifier.swift */,
				D88158CF2CC4A2FB0078E115 /* PlusButtonView.swift */,
				D8D674802CB6F1E500FD9FE3 /* RoundedRectangleView.swift */,
				D82FA4A32BBBCC2C00077128 /* SearchBarView.swift */,
				D88158D12CC4A9680078E115 /* SheetButtonLabelView.swift */,
				D873858A2CB8917F00873264 /* XButtonView.swift */,
			);
			path = CustomView;
			sourceTree = "<group>";
		};
/* End PBXGroup section */

/* Begin PBXNativeTarget section */
		D82FA46E2BBBCA9D00077128 /* ChefsKiss */ = {
			isa = PBXNativeTarget;
			buildConfigurationList = D82FA47D2BBBCA9E00077128 /* Build configuration list for PBXNativeTarget "ChefsKiss" */;
			buildPhases = (
				D82FA46B2BBBCA9D00077128 /* Sources */,
				D82FA46C2BBBCA9D00077128 /* Frameworks */,
				D82FA46D2BBBCA9D00077128 /* Resources */,
			);
			buildRules = (
			);
			dependencies = (
			);
			name = ChefsKiss;
			productName = ChefsKiss;
			productReference = D82FA46F2BBBCA9D00077128 /* ChefsKiss.app */;
			productType = "com.apple.product-type.application";
		};
/* End PBXNativeTarget section */

/* Begin PBXProject section */
		D82FA4672BBBCA9D00077128 /* Project object */ = {
			isa = PBXProject;
			attributes = {
				BuildIndependentTargetsInParallel = 1;
				LastSwiftUpdateCheck = 1530;
				LastUpgradeCheck = 1530;
				TargetAttributes = {
					D82FA46E2BBBCA9D00077128 = {
						CreatedOnToolsVersion = 15.3;
					};
				};
			};
			buildConfigurationList = D82FA46A2BBBCA9D00077128 /* Build configuration list for PBXProject "ChefsKiss" */;
			compatibilityVersion = "Xcode 14.0";
			developmentRegion = en;
			hasScannedForEncodings = 0;
			knownRegions = (
				en,
				Base,
			);
			mainGroup = D82FA4662BBBCA9D00077128;
			productRefGroup = D82FA4702BBBCA9D00077128 /* Products */;
			projectDirPath = "";
			projectRoot = "";
			targets = (
				D82FA46E2BBBCA9D00077128 /* ChefsKiss */,
			);
		};
/* End PBXProject section */

/* Begin PBXResourcesBuildPhase section */
		D82FA46D2BBBCA9D00077128 /* Resources */ = {
			isa = PBXResourcesBuildPhase;
			buildActionMask = 2147483647;
			files = (
				D82FA47A2BBBCA9E00077128 /* Preview Assets.xcassets in Resources */,
				D82FA4772BBBCA9E00077128 /* Assets.xcassets in Resources */,
			);
			runOnlyForDeploymentPostprocessing = 0;
		};
/* End PBXResourcesBuildPhase section */

/* Begin PBXSourcesBuildPhase section */
		D82FA46B2BBBCA9D00077128 /* Sources */ = {
			isa = PBXSourcesBuildPhase;
			buildActionMask = 2147483647;
			files = (
				D82FA4A72BBBCC2C00077128 /* RecipesGridView.swift in Sources */,
				D87385892CB8647D00873264 /* ExpandButtonView.swift in Sources */,
				D824A05F2C9A948900452EC7 /* InstructionsListView.swift in Sources */,
				D8BDBA6F2C98E14900AC5E52 /* APIInstructionsView.swift in Sources */,
				D8BDBA732C98E69800AC5E52 /* HeartButtonView.swift in Sources */,
				D82FA48A2BBBCBD900077128 /* APIRecipe.swift in Sources */,
				D82FA4882BBBCBBE00077128 /* APIManager.swift in Sources */,
				D8BDBA652C98DCA500AC5E52 /* APIEquipmentView.swift in Sources */,
				D87385972CBA2B8000873264 /* KeyboardAvoidance.swift in Sources */,
				D824A04E2C9A3CD700452EC7 /* InstructionsView.swift in Sources */,
				D873858F2CB89C0A00873264 /* CameraButtonView.swift in Sources */,
				D8D6747F2CB6F12F00FD9FE3 /* LineDividerView.swift in Sources */,
				D8C4A92E2C2CE7DB0097BAA8 /* ImagePickerView.swift in Sources */,
				D8D061A82BC5AE6C00B23350 /* AddEditRecipeViewModel.swift in Sources */,
				D8D6747D2CB6372800FD9FE3 /* EditButtonView.swift in Sources */,
				D824A05B2C9A934500452EC7 /* IngredientsListView.swift in Sources */,
				D894FF9A2CAF53B300E78F8F /* CacheManager.swift in Sources */,
				D824A0552C9A8F9D00452EC7 /* ServingsPickerView.swift in Sources */,
				D82FA48C2BBBCBE300077128 /* Categories.swift in Sources */,
				D824A0482C9A3BB800452EC7 /* SummaryView.swift in Sources */,
				D82FA48E2BBBCBE900077128 /* Recipe.swift in Sources */,
				D824A04C2C9A3C9A00452EC7 /* EquipmentView.swift in Sources */,
				D824A0442C9A346D00452EC7 /* DurationServingsView.swift in Sources */,
				D88158D62CC88F870078E115 /* CookTimeView.swift in Sources */,
				D82FA4B62BBDCB1B00077128 /* RecipeDetailView.swift in Sources */,
				D8BDBA632C98D8E400AC5E52 /* APIIngredientsView.swift in Sources */,
				D82FA49B2BBBCC2600077128 /* MyRecipeListView.swift in Sources */,
				D8BDBA6B2C98E01500AC5E52 /* APISummaryView.swift in Sources */,
				D82FA4AE2BBBCC3500077128 /* UIApplication.swift in Sources */,
				D88158CC2CC49C9F0078E115 /* AddIngredientView.swift in Sources */,
				D899C6E42C93CA1000FFEA7B /* IconView.swift in Sources */,
				D82FA4A92BBBCC2C00077128 /* APIRecipeDetailView.swift in Sources */,
				D8BDBA6D2C98E0D900AC5E52 /* APITitleView.swift in Sources */,
				D88158C92CC4990A0078E115 /* AddEquipmentView.swift in Sources */,
				D8BDBA712C98E37700AC5E52 /* LinkButtonView.swift in Sources */,
				D8454CF72BF5CA5200F449A8 /* RecipePreview.swift in Sources */,
				D82FA4A62BBBCC2C00077128 /* CategoryView.swift in Sources */,
				D8D674792CB61F6900FD9FE3 /* BackButtonView.swift in Sources */,
				D82FA4A52BBBCC2C00077128 /* CategoryGridView.swift in Sources */,
				D88158D02CC4A2FB0078E115 /* PlusButtonView.swift in Sources */,
				D873858B2CB8917F00873264 /* XButtonView.swift in Sources */,
				D824A0402C9A326E00452EC7 /* TitleView.swift in Sources */,
				D8D674862CB8572000FD9FE3 /* Modifier.swift in Sources */,
				D82FA4932BBBCC0700077128 /* CategoryViewModel.swift in Sources */,
				D824A0462C9A3A9B00452EC7 /* ServingsView.swift in Sources */,
				D88158D22CC4A9680078E115 /* SheetButtonLabelView.swift in Sources */,
				D88158D42CC88F7B0078E115 /* PrepTimeView.swift in Sources */,
				D824A04A2C9A3C0C00452EC7 /* IngredientsView.swift in Sources */,
				D82FA4B22BBC6AEA00077128 /* RecipeRowView.swift in Sources */,
				D82FA4AC2BBBCC2C00077128 /* SearchBarView.swift in Sources */,
				D824A0512C9A4BA000452EC7 /* TitleSummaryView.swift in Sources */,
				D897A0D82C9A2F0B00BC3A5A /* RecipeDetailViewModel.swift in Sources */,
				D8454CFD2BFD0A6000F449A8 /* APIRecipeDetailViewModel.swift in Sources */,
				D82FA4812BBBCAE300077128 /* TabBarView.swift in Sources */,
				D8C4A92C2C2CD2E40097BAA8 /* AddEditRecipeView.swift in Sources */,
				D8454CF92BF5CAD700F449A8 /* APIRecipePreview.swift in Sources */,
				D8BDBA692C98DEEF00AC5E52 /* APIServingsDurationView.swift in Sources */,
				D8D77F642C9BDB6B0017A85B /* EditEquipmentSheetView.swift in Sources */,
				D824A0592C9A92D600452EC7 /* CookTimePickerView.swift in Sources */,
				D824A05D2C9A93D100452EC7 /* EquipmentListView.swift in Sources */,
				D87AC2032BE5787C0079569C /* KissAnimation.swift in Sources */,
				D88158CE2CC49E880078E115 /* AddInstructionView.swift in Sources */,
				D8D061A62BC4604F00B23350 /* String.swift in Sources */,
				D8D77F682C9CE5150017A85B /* EditIngredientSheetView.swift in Sources */,
				D8D77F662C9CE1700017A85B /* EditInstructionSheetView.swift in Sources */,
				D824A0422C9A32E200452EC7 /* ImageView.swift in Sources */,
				D8D674812CB6F1E500FD9FE3 /* RoundedRectangleView.swift in Sources */,
				D82FA4732BBBCA9D00077128 /* ChefsKissApp.swift in Sources */,
				D82FA4922BBBCC0700077128 /* CategoriesViewModel.swift in Sources */,
				D82FA4A82BBBCC2C00077128 /* RecipesView.swift in Sources */,
				D8D061A42BC3A3BF00B23350 /* SavedRecipesView.swift in Sources */,
				D824A0572C9A910F00452EC7 /* PrepTimePickerView.swift in Sources */,
				D8454D022BFD2BD300F449A8 /* APIRecipeModelContext.swift in Sources */,
				D8454D062BFD394000F449A8 /* SavedRecipesViewModel.swift in Sources */,
				D8BDBA672C98DDCF00AC5E52 /* APIImageView.swift in Sources */,
				D82FA4AA2BBBCC2C00077128 /* SearchGridView.swift in Sources */,
			);
			runOnlyForDeploymentPostprocessing = 0;
		};
/* End PBXSourcesBuildPhase section */

/* Begin XCBuildConfiguration section */
		D82FA47B2BBBCA9E00077128 /* Debug */ = {
			isa = XCBuildConfiguration;
			buildSettings = {
				ALWAYS_SEARCH_USER_PATHS = NO;
				ASSETCATALOG_COMPILER_GENERATE_SWIFT_ASSET_SYMBOL_EXTENSIONS = YES;
				CLANG_ANALYZER_NONNULL = YES;
				CLANG_ANALYZER_NUMBER_OBJECT_CONVERSION = YES_AGGRESSIVE;
				CLANG_CXX_LANGUAGE_STANDARD = "gnu++20";
				CLANG_ENABLE_MODULES = YES;
				CLANG_ENABLE_OBJC_ARC = YES;
				CLANG_ENABLE_OBJC_WEAK = YES;
				CLANG_WARN_BLOCK_CAPTURE_AUTORELEASING = YES;
				CLANG_WARN_BOOL_CONVERSION = YES;
				CLANG_WARN_COMMA = YES;
				CLANG_WARN_CONSTANT_CONVERSION = YES;
				CLANG_WARN_DEPRECATED_OBJC_IMPLEMENTATIONS = YES;
				CLANG_WARN_DIRECT_OBJC_ISA_USAGE = YES_ERROR;
				CLANG_WARN_DOCUMENTATION_COMMENTS = YES;
				CLANG_WARN_EMPTY_BODY = YES;
				CLANG_WARN_ENUM_CONVERSION = YES;
				CLANG_WARN_INFINITE_RECURSION = YES;
				CLANG_WARN_INT_CONVERSION = YES;
				CLANG_WARN_NON_LITERAL_NULL_CONVERSION = YES;
				CLANG_WARN_OBJC_IMPLICIT_RETAIN_SELF = YES;
				CLANG_WARN_OBJC_LITERAL_CONVERSION = YES;
				CLANG_WARN_OBJC_ROOT_CLASS = YES_ERROR;
				CLANG_WARN_QUOTED_INCLUDE_IN_FRAMEWORK_HEADER = YES;
				CLANG_WARN_RANGE_LOOP_ANALYSIS = YES;
				CLANG_WARN_STRICT_PROTOTYPES = YES;
				CLANG_WARN_SUSPICIOUS_MOVE = YES;
				CLANG_WARN_UNGUARDED_AVAILABILITY = YES_AGGRESSIVE;
				CLANG_WARN_UNREACHABLE_CODE = YES;
				CLANG_WARN__DUPLICATE_METHOD_MATCH = YES;
				COPY_PHASE_STRIP = NO;
				DEBUG_INFORMATION_FORMAT = dwarf;
				ENABLE_STRICT_OBJC_MSGSEND = YES;
				ENABLE_TESTABILITY = YES;
				ENABLE_USER_SCRIPT_SANDBOXING = YES;
				GCC_C_LANGUAGE_STANDARD = gnu17;
				GCC_DYNAMIC_NO_PIC = NO;
				GCC_NO_COMMON_BLOCKS = YES;
				GCC_OPTIMIZATION_LEVEL = 0;
				GCC_PREPROCESSOR_DEFINITIONS = (
					"DEBUG=1",
					"$(inherited)",
				);
				GCC_WARN_64_TO_32_BIT_CONVERSION = YES;
				GCC_WARN_ABOUT_RETURN_TYPE = YES_ERROR;
				GCC_WARN_UNDECLARED_SELECTOR = YES;
				GCC_WARN_UNINITIALIZED_AUTOS = YES_AGGRESSIVE;
				GCC_WARN_UNUSED_FUNCTION = YES;
				GCC_WARN_UNUSED_VARIABLE = YES;
				IPHONEOS_DEPLOYMENT_TARGET = 17.4;
				LOCALIZATION_PREFERS_STRING_CATALOGS = YES;
				MTL_ENABLE_DEBUG_INFO = INCLUDE_SOURCE;
				MTL_FAST_MATH = YES;
				ONLY_ACTIVE_ARCH = YES;
				SDKROOT = iphoneos;
				SWIFT_ACTIVE_COMPILATION_CONDITIONS = "DEBUG $(inherited)";
				SWIFT_OPTIMIZATION_LEVEL = "-Onone";
			};
			name = Debug;
		};
		D82FA47C2BBBCA9E00077128 /* Release */ = {
			isa = XCBuildConfiguration;
			buildSettings = {
				ALWAYS_SEARCH_USER_PATHS = NO;
				ASSETCATALOG_COMPILER_GENERATE_SWIFT_ASSET_SYMBOL_EXTENSIONS = YES;
				CLANG_ANALYZER_NONNULL = YES;
				CLANG_ANALYZER_NUMBER_OBJECT_CONVERSION = YES_AGGRESSIVE;
				CLANG_CXX_LANGUAGE_STANDARD = "gnu++20";
				CLANG_ENABLE_MODULES = YES;
				CLANG_ENABLE_OBJC_ARC = YES;
				CLANG_ENABLE_OBJC_WEAK = YES;
				CLANG_WARN_BLOCK_CAPTURE_AUTORELEASING = YES;
				CLANG_WARN_BOOL_CONVERSION = YES;
				CLANG_WARN_COMMA = YES;
				CLANG_WARN_CONSTANT_CONVERSION = YES;
				CLANG_WARN_DEPRECATED_OBJC_IMPLEMENTATIONS = YES;
				CLANG_WARN_DIRECT_OBJC_ISA_USAGE = YES_ERROR;
				CLANG_WARN_DOCUMENTATION_COMMENTS = YES;
				CLANG_WARN_EMPTY_BODY = YES;
				CLANG_WARN_ENUM_CONVERSION = YES;
				CLANG_WARN_INFINITE_RECURSION = YES;
				CLANG_WARN_INT_CONVERSION = YES;
				CLANG_WARN_NON_LITERAL_NULL_CONVERSION = YES;
				CLANG_WARN_OBJC_IMPLICIT_RETAIN_SELF = YES;
				CLANG_WARN_OBJC_LITERAL_CONVERSION = YES;
				CLANG_WARN_OBJC_ROOT_CLASS = YES_ERROR;
				CLANG_WARN_QUOTED_INCLUDE_IN_FRAMEWORK_HEADER = YES;
				CLANG_WARN_RANGE_LOOP_ANALYSIS = YES;
				CLANG_WARN_STRICT_PROTOTYPES = YES;
				CLANG_WARN_SUSPICIOUS_MOVE = YES;
				CLANG_WARN_UNGUARDED_AVAILABILITY = YES_AGGRESSIVE;
				CLANG_WARN_UNREACHABLE_CODE = YES;
				CLANG_WARN__DUPLICATE_METHOD_MATCH = YES;
				COPY_PHASE_STRIP = NO;
				DEBUG_INFORMATION_FORMAT = "dwarf-with-dsym";
				ENABLE_NS_ASSERTIONS = NO;
				ENABLE_STRICT_OBJC_MSGSEND = YES;
				ENABLE_USER_SCRIPT_SANDBOXING = YES;
				GCC_C_LANGUAGE_STANDARD = gnu17;
				GCC_NO_COMMON_BLOCKS = YES;
				GCC_WARN_64_TO_32_BIT_CONVERSION = YES;
				GCC_WARN_ABOUT_RETURN_TYPE = YES_ERROR;
				GCC_WARN_UNDECLARED_SELECTOR = YES;
				GCC_WARN_UNINITIALIZED_AUTOS = YES_AGGRESSIVE;
				GCC_WARN_UNUSED_FUNCTION = YES;
				GCC_WARN_UNUSED_VARIABLE = YES;
				IPHONEOS_DEPLOYMENT_TARGET = 17.4;
				LOCALIZATION_PREFERS_STRING_CATALOGS = YES;
				MTL_ENABLE_DEBUG_INFO = NO;
				MTL_FAST_MATH = YES;
				SDKROOT = iphoneos;
				SWIFT_COMPILATION_MODE = wholemodule;
				VALIDATE_PRODUCT = YES;
			};
			name = Release;
		};
		D82FA47E2BBBCA9E00077128 /* Debug */ = {
			isa = XCBuildConfiguration;
			buildSettings = {
				ASSETCATALOG_COMPILER_APPICON_NAME = AppIcon;
				ASSETCATALOG_COMPILER_GLOBAL_ACCENT_COLOR_NAME = AccentColor;
				CODE_SIGN_STYLE = Automatic;
				CURRENT_PROJECT_VERSION = 1;
				DEVELOPMENT_ASSET_PATHS = "\"ChefsKiss/Preview Content\"";
				DEVELOPMENT_TEAM = 74AQA4M4HV;
				ENABLE_PREVIEWS = YES;
				GENERATE_INFOPLIST_FILE = YES;
				INFOPLIST_FILE = ChefsKiss/Info.plist;
				INFOPLIST_KEY_NSCameraUsageDescription = "This app needs to capture image to show in the app.";
				INFOPLIST_KEY_UIApplicationSceneManifest_Generation = YES;
				INFOPLIST_KEY_UIApplicationSupportsIndirectInputEvents = YES;
				INFOPLIST_KEY_UILaunchScreen_Generation = YES;
				INFOPLIST_KEY_UISupportedInterfaceOrientations = UIInterfaceOrientationPortrait;
				IPHONEOS_DEPLOYMENT_TARGET = 17.2;
				LD_RUNPATH_SEARCH_PATHS = (
					"$(inherited)",
					"@executable_path/Frameworks",
				);
				MARKETING_VERSION = 1.0;
				PRODUCT_BUNDLE_IDENTIFIER = "Dominique-Strachan.ChefsKiss";
				PRODUCT_NAME = "$(TARGET_NAME)";
				SUPPORTED_PLATFORMS = "iphoneos iphonesimulator";
				SUPPORTS_MACCATALYST = NO;
				SUPPORTS_MAC_DESIGNED_FOR_IPHONE_IPAD = NO;
				SUPPORTS_XR_DESIGNED_FOR_IPHONE_IPAD = NO;
				SWIFT_EMIT_LOC_STRINGS = YES;
				SWIFT_VERSION = 5.0;
				TARGETED_DEVICE_FAMILY = 1;
			};
			name = Debug;
		};
		D82FA47F2BBBCA9E00077128 /* Release */ = {
			isa = XCBuildConfiguration;
			buildSettings = {
				ASSETCATALOG_COMPILER_APPICON_NAME = AppIcon;
				ASSETCATALOG_COMPILER_GLOBAL_ACCENT_COLOR_NAME = AccentColor;
				CODE_SIGN_STYLE = Automatic;
				CURRENT_PROJECT_VERSION = 1;
				DEVELOPMENT_ASSET_PATHS = "\"ChefsKiss/Preview Content\"";
				DEVELOPMENT_TEAM = 74AQA4M4HV;
				ENABLE_PREVIEWS = YES;
				GENERATE_INFOPLIST_FILE = YES;
				INFOPLIST_FILE = ChefsKiss/Info.plist;
				INFOPLIST_KEY_NSCameraUsageDescription = "This app needs to capture image to show in the app.";
				INFOPLIST_KEY_UIApplicationSceneManifest_Generation = YES;
				INFOPLIST_KEY_UIApplicationSupportsIndirectInputEvents = YES;
				INFOPLIST_KEY_UILaunchScreen_Generation = YES;
				INFOPLIST_KEY_UISupportedInterfaceOrientations = UIInterfaceOrientationPortrait;
				IPHONEOS_DEPLOYMENT_TARGET = 17.2;
				LD_RUNPATH_SEARCH_PATHS = (
					"$(inherited)",
					"@executable_path/Frameworks",
				);
				MARKETING_VERSION = 1.0;
				PRODUCT_BUNDLE_IDENTIFIER = "Dominique-Strachan.ChefsKiss";
				PRODUCT_NAME = "$(TARGET_NAME)";
				SUPPORTED_PLATFORMS = "iphoneos iphonesimulator";
				SUPPORTS_MACCATALYST = NO;
				SUPPORTS_MAC_DESIGNED_FOR_IPHONE_IPAD = NO;
				SUPPORTS_XR_DESIGNED_FOR_IPHONE_IPAD = NO;
				SWIFT_EMIT_LOC_STRINGS = YES;
				SWIFT_VERSION = 5.0;
				TARGETED_DEVICE_FAMILY = 1;
			};
			name = Release;
		};
/* End XCBuildConfiguration section */

/* Begin XCConfigurationList section */
		D82FA46A2BBBCA9D00077128 /* Build configuration list for PBXProject "ChefsKiss" */ = {
			isa = XCConfigurationList;
			buildConfigurations = (
				D82FA47B2BBBCA9E00077128 /* Debug */,
				D82FA47C2BBBCA9E00077128 /* Release */,
			);
			defaultConfigurationIsVisible = 0;
			defaultConfigurationName = Release;
		};
		D82FA47D2BBBCA9E00077128 /* Build configuration list for PBXNativeTarget "ChefsKiss" */ = {
			isa = XCConfigurationList;
			buildConfigurations = (
				D82FA47E2BBBCA9E00077128 /* Debug */,
				D82FA47F2BBBCA9E00077128 /* Release */,
			);
			defaultConfigurationIsVisible = 0;
			defaultConfigurationName = Release;
		};
/* End XCConfigurationList section */
	};
	rootObject = D82FA4672BBBCA9D00077128 /* Project object */;
}
